
Microsoft Visual Studio Solution File, Format Version 12.00
# Visual Studio 2013
VisualStudioVersion = 12.0.21005.1
MinimumVisualStudioVersion = 10.0.40219.1
Project("{FAE04EC0-301F-11D3-BF4B-00C04F79EFBC}") = "Banking", "Banking\Banking.csproj", "{96B030BE-3554-475E-9E34-4C7A4608D1EC}"
EndProject
Project("{FAE04EC0-301F-11D3-BF4B-00C04F79EFBC}") = "BankingTryIt", "BankingTryIt\BankingTryIt.csproj", "{5A1B94D6-5F8A-44EF-A402-5E8181FB153E}"
	ProjectSection(ProjectDependencies) = postProject
		{96B030BE-3554-475E-9E34-4C7A4608D1EC} = {96B030BE-3554-475E-9E34-4C7A4608D1EC}
	EndProjectSection
EndProject
Global
	GlobalSection(SolutionConfigurationPlatforms) = preSolution
		Debug|Any CPU = Debug|Any CPU
		Release|Any CPU = Release|Any CPU
	EndGlobalSection
	GlobalSection(ProjectConfigurationPlatforms) = postSolution
		{96B030BE-3554-475E-9E34-4C7A4608D1EC}.Debug|Any CPU.ActiveCfg = Debug|Any CPU
		{96B030BE-3554-475E-9E34-4C7A4608D1EC}.Debug|Any CPU.Build.0 = Debug|Any CPU
		{96B030BE-3554-475E-9E34-4C7A4608D1EC}.Release|Any CPU.ActiveCfg = Release|Any CPU
		{96B030BE-3554-475E-9E34-4C7A4608D1EC}.Release|Any CPU.Build.0 = Release|Any CPU
		{5A1B94D6-5F8A-44EF-A402-5E8181FB153E}.Debug|Any CPU.ActiveCfg = Debug|Any CPU
		{5A1B94D6-5F8A-44EF-A402-5E8181FB153E}.Debug|Any CPU.Build.0 = Debug|Any CPU
		{5A1B94D6-5F8A-44EF-A402-5E8181FB153E}.Release|Any CPU.ActiveCfg = Release|Any CPU
		{5A1B94D6-5F8A-44EF-A402-5E8181FB153E}.Release|Any CPU.Build.0 = Release|Any CPU
	EndGlobalSection
	GlobalSection(SolutionProperties) = preSolution
		HideSolutionNode = FALSE
	EndGlobalSection
EndGlobal
